
Microsoft Visual Studio Solution File, Format Version 12.00
# Visual Studio Version 17
VisualStudioVersion = 17.3.32825.248
MinimumVisualStudioVersion = 10.0.40219.1
Project("{9A19103F-16F7-4668-BE54-9A1E7A4F7556}") = "MISA.QLTS.API", "MISA.QLTS.API\MISA.QLTS.API.csproj", "{9773FE8C-ADCE-4C39-A18B-DEE675B0F6A1}"
EndProject
Project("{FAE04EC0-301F-11D3-BF4B-00C04F79EFBC}") = "MISA.QLTS.BL", "MISA.QLTS.BL\MISA.QLTS.BL.csproj", "{6790B566-6DBD-4656-BB39-4C0F2B64D252}"
EndProject
Project("{FAE04EC0-301F-11D3-BF4B-00C04F79EFBC}") = "MISA.QLTS.DL", "MISA.QLTS.DL\MISA.QLTS.DL.csproj", "{FBEA793E-62D5-4EAD-8F6F-11F9DAB2CE04}"
EndProject
Project("{FAE04EC0-301F-11D3-BF4B-00C04F79EFBC}") = "MISA.QLTS.Common", "MISA.QLTS.COMMON\MISA.QLTS.Common.csproj", "{C82216FE-ED2D-4A8C-A860-2E8459EA31B4}"
EndProject
Global
	GlobalSection(SolutionConfigurationPlatforms) = preSolution
		Debug|Any CPU = Debug|Any CPU
		Release|Any CPU = Release|Any CPU
	EndGlobalSection
	GlobalSection(ProjectConfigurationPlatforms) = postSolution
		{9773FE8C-ADCE-4C39-A18B-DEE675B0F6A1}.Debug|Any CPU.ActiveCfg = Debug|Any CPU
		{9773FE8C-ADCE-4C39-A18B-DEE675B0F6A1}.Debug|Any CPU.Build.0 = Debug|Any CPU
		{9773FE8C-ADCE-4C39-A18B-DEE675B0F6A1}.Release|Any CPU.ActiveCfg = Release|Any CPU
		{9773FE8C-ADCE-4C39-A18B-DEE675B0F6A1}.Release|Any CPU.Build.0 = Release|Any CPU
		{6790B566-6DBD-4656-BB39-4C0F2B64D252}.Debug|Any CPU.ActiveCfg = Debug|Any CPU
		{6790B566-6DBD-4656-BB39-4C0F2B64D252}.Debug|Any CPU.Build.0 = Debug|Any CPU
		{6790B566-6DBD-4656-BB39-4C0F2B64D252}.Release|Any CPU.ActiveCfg = Release|Any CPU
		{6790B566-6DBD-4656-BB39-4C0F2B64D252}.Release|Any CPU.Build.0 = Release|Any CPU
		{FBEA793E-62D5-4EAD-8F6F-11F9DAB2CE04}.Debug|Any CPU.ActiveCfg = Debug|Any CPU
		{FBEA793E-62D5-4EAD-8F6F-11F9DAB2CE04}.Debug|Any CPU.Build.0 = Debug|Any CPU
		{FBEA793E-62D5-4EAD-8F6F-11F9DAB2CE04}.Release|Any CPU.ActiveCfg = Release|Any CPU
		{FBEA793E-62D5-4EAD-8F6F-11F9DAB2CE04}.Release|Any CPU.Build.0 = Release|Any CPU
		{C82216FE-ED2D-4A8C-A860-2E8459EA31B4}.Debug|Any CPU.ActiveCfg = Debug|Any CPU
		{C82216FE-ED2D-4A8C-A860-2E8459EA31B4}.Debug|Any CPU.Build.0 = Debug|Any CPU
		{C82216FE-ED2D-4A8C-A860-2E8459EA31B4}.Release|Any CPU.ActiveCfg = Release|Any CPU
		{C82216FE-ED2D-4A8C-A860-2E8459EA31B4}.Release|Any CPU.Build.0 = Release|Any CPU
	EndGlobalSection
	GlobalSection(SolutionProperties) = preSolution
		HideSolutionNode = FALSE
	EndGlobalSection
	GlobalSection(ExtensibilityGlobals) = postSolution
		SolutionGuid = {51F7795D-9F0F-4DBA-BC64-357BC03ECDB5}
	EndGlobalSection
EndGlobal
